# THIS IS AN AUTOGENERATED FILE. DO NOT EDIT THIS FILE DIRECTLY.
# yarn lockfile v1


tinymce@^6:
  version "6.7.2"
  resolved "https://registry.yarnpkg.com/tinymce/-/tinymce-6.7.2.tgz#39b077d26c171cb41341b2eef126e7811bb78697"
  integrity sha512-6h/02jHmXyghekFzmzccZxUUEFtlPEKHxOd+gd49bjno3ybavZInPIaDd/pp2GeEwsFm20oGgJCL7UiebXm9dw==
